
Microsoft Visual Studio Solution File, Format Version 12.00
# Visual Studio Version 16
VisualStudioVersion = 16.0.28922.388
MinimumVisualStudioVersion = 10.0.40219.1
Project("{9A19103F-16F7-4668-BE54-9A1E7A4F7556}") = "ZipcodeInfo", "ZipcodeInfo\ZipcodeInfo.csproj", "{9575172C-A3C6-463F-AAB7-D3670724BE1D}"
EndProject
Project("{9A19103F-16F7-4668-BE54-9A1E7A4F7556}") = "Tests", "Tests\Tests.csproj", "{37755A39-DA26-45E3-934B-95DC09AEA957}"
EndProject
Project("{FAE04EC0-301F-11D3-BF4B-00C04F79EFBC}") = "WeatherInfoSpa", "WeatherInfoSpa\WeatherInfoSpa.csproj", "{D9C3B67E-015F-4F87-BADE-EBE04CD9B277}"
EndProject
Global
	GlobalSection(SolutionConfigurationPlatforms) = preSolution
		Debug|Any CPU = Debug|Any CPU
		Release|Any CPU = Release|Any CPU
	EndGlobalSection
	GlobalSection(ProjectConfigurationPlatforms) = postSolution
		{9575172C-A3C6-463F-AAB7-D3670724BE1D}.Debug|Any CPU.ActiveCfg = Debug|Any CPU
		{9575172C-A3C6-463F-AAB7-D3670724BE1D}.Debug|Any CPU.Build.0 = Debug|Any CPU
		{9575172C-A3C6-463F-AAB7-D3670724BE1D}.Release|Any CPU.ActiveCfg = Release|Any CPU
		{9575172C-A3C6-463F-AAB7-D3670724BE1D}.Release|Any CPU.Build.0 = Release|Any CPU
		{37755A39-DA26-45E3-934B-95DC09AEA957}.Debug|Any CPU.ActiveCfg = Debug|Any CPU
		{37755A39-DA26-45E3-934B-95DC09AEA957}.Debug|Any CPU.Build.0 = Debug|Any CPU
		{37755A39-DA26-45E3-934B-95DC09AEA957}.Release|Any CPU.ActiveCfg = Release|Any CPU
		{37755A39-DA26-45E3-934B-95DC09AEA957}.Release|Any CPU.Build.0 = Release|Any CPU
		{D9C3B67E-015F-4F87-BADE-EBE04CD9B277}.Debug|Any CPU.ActiveCfg = Debug|Any CPU
		{D9C3B67E-015F-4F87-BADE-EBE04CD9B277}.Debug|Any CPU.Build.0 = Debug|Any CPU
		{D9C3B67E-015F-4F87-BADE-EBE04CD9B277}.Release|Any CPU.ActiveCfg = Release|Any CPU
		{D9C3B67E-015F-4F87-BADE-EBE04CD9B277}.Release|Any CPU.Build.0 = Release|Any CPU
	EndGlobalSection
	GlobalSection(SolutionProperties) = preSolution
		HideSolutionNode = FALSE
	EndGlobalSection
	GlobalSection(ExtensibilityGlobals) = postSolution
		SolutionGuid = {1ED5E82A-029F-4871-A299-47526F79BE15}
	EndGlobalSection
EndGlobal
